
Microsoft Visual Studio Solution File, Format Version 12.00
# Visual Studio 15
VisualStudioVersion = 15.0.27130.2010
MinimumVisualStudioVersion = 10.0.40219.1
Project("{9A19103F-16F7-4668-BE54-9A1E7A4F7556}") = "DiabeticApp", "DiabeticApp\DiabeticApp.csproj", "{D031A5DC-D149-44F6-A826-792708CFB141}"
EndProject
Global
	GlobalSection(SolutionConfigurationPlatforms) = preSolution
		Debug|Any CPU = Debug|Any CPU
		Release|Any CPU = Release|Any CPU
	EndGlobalSection
	GlobalSection(ProjectConfigurationPlatforms) = postSolution
		{D031A5DC-D149-44F6-A826-792708CFB141}.Debug|Any CPU.ActiveCfg = Debug|Any CPU
		{D031A5DC-D149-44F6-A826-792708CFB141}.Debug|Any CPU.Build.0 = Debug|Any CPU
		{D031A5DC-D149-44F6-A826-792708CFB141}.Release|Any CPU.ActiveCfg = Release|Any CPU
		{D031A5DC-D149-44F6-A826-792708CFB141}.Release|Any CPU.Build.0 = Release|Any CPU
	EndGlobalSection
	GlobalSection(SolutionProperties) = preSolution
		HideSolutionNode = FALSE
	EndGlobalSection
	GlobalSection(ExtensibilityGlobals) = postSolution
		SolutionGuid = {EBB2CB30-6562-4042-9011-FCB767FBFEED}
	EndGlobalSection
EndGlobal
